// !$*UTF8*$!
{
	archiveVersion = 1;
	classes = {
	};
	objectVersion = 50;
	objects = {

/* Begin PBXBuildFile section */
		C87113452FAB393700B8F957 /* LeagueCell.swift in Sources */ = {isa = PBXBuildFile; fileRef = C87113442FAB393700B8F957 /* LeagueCell.swift */; };
		C87113472FAB5B2F00B8F957 /* FavoritesViewController.swift in Sources */ = {isa = PBXBuildFile; fileRef = C87113462FAB5B2F00B8F957 /* FavoritesViewController.swift */; };
		C89E6E6E2FAA73CC00195DDF /* SportsViewController.swift in Sources */ = {isa = PBXBuildFile; fileRef = C89E6E6D2FAA73CC00195DDF /* SportsViewController.swift */; };
		C89E6E702FAA765400195DDF /* SportCell.swift in Sources */ = {isa = PBXBuildFile; fileRef = C89E6E6F2FAA765400195DDF /* SportCell.swift */; };
		C89E6E722FAA979B00195DDF /* LeaguesViewController.swift in Sources */ = {isa = PBXBuildFile; fileRef = C89E6E712FAA979B00195DDF /* LeaguesViewController.swift */; };
		C8FC074E2FA9042E002C1758 /* AppDelegate.swift in Sources */ = {isa = PBXBuildFile; fileRef = C8FC074D2FA9042E002C1758 /* AppDelegate.swift */; };
		C8FC07502FA9042E002C1758 /* SceneDelegate.swift in Sources */ = {isa = PBXBuildFile; fileRef = C8FC074F2FA9042E002C1758 /* SceneDelegate.swift */; };
		C8FC07522FA9042E002C1758 /* ViewController.swift in Sources */ = {isa = PBXBuildFile; fileRef = C8FC07512FA9042E002C1758 /* ViewController.swift */; };
		C8FC07552FA9042E002C1758 /* Main.storyboard in Resources */ = {isa = PBXBuildFile; fileRef = C8FC07532FA9042E002C1758 /* Main.storyboard */; };
		C8FC07572FA9042E002C1758 /* Assets.xcassets in Resources */ = {isa = PBXBuildFile; fileRef = C8FC07562FA9042E002C1758 /* Assets.xcassets */; };
		C8FC075A2FA9042E002C1758 /* LaunchScreen.storyboard in Resources */ = {isa = PBXBuildFile; fileRef = C8FC07582FA9042E002C1758 /* LaunchScreen.storyboard */; };
/* End PBXBuildFile section */

/* Begin PBXFileReference section */
		C87113442FAB393700B8F957 /* LeagueCell.swift */ = {isa = PBXFileReference; lastKnownFileType = sourcecode.swift; path = LeagueCell.swift; sourceTree = "<group>"; };
		C87113462FAB5B2F00B8F957 /* FavoritesViewController.swift */ = {isa = PBXFileReference; lastKnownFileType = sourcecode.swift; path = FavoritesViewController.swift; sourceTree = "<group>"; };
		C89E6E6D2FAA73CC00195DDF /* SportsViewController.swift */ = {isa = PBXFileReference; lastKnownFileType = sourcecode.swift; path = SportsViewController.swift; sourceTree = "<group>"; };
		C89E6E6F2FAA765400195DDF /* SportCell.swift */ = {isa = PBXFileReference; lastKnownFileType = sourcecode.swift; path = SportCell.swift; sourceTree = "<group>"; };
		C89E6E712FAA979B00195DDF /* LeaguesViewController.swift */ = {isa = PBXFileReference; lastKnownFileType = sourcecode.swift; path = LeaguesViewController.swift; sourceTree = "<group>"; };
		C8FC074A2FA9042E002C1758 /* SportsApp.app */ = {isa = PBXFileReference; explicitFileType = wrapper.application; includeInIndex = 0; path = SportsApp.app; sourceTree = BUILT_PRODUCTS_DIR; };
		C8FC074D2FA9042E002C1758 /* AppDelegate.swift */ = {isa = PBXFileReference; lastKnownFileType = sourcecode.swift; path = AppDelegate.swift; sourceTree = "<group>"; };
		C8FC074F2FA9042E002C1758 /* SceneDelegate.swift */ = {isa = PBXFileReference; lastKnownFileType = sourcecode.swift; path = SceneDelegate.swift; sourceTree = "<group>"; };
		C8FC07512FA9042E002C1758 /* ViewController.swift */ = {isa = PBXFileReference; lastKnownFileType = sourcecode.swift; path = ViewController.swift; sourceTree = "<group>"; };
		C8FC07542FA9042E002C1758 /* Base */ = {isa = PBXFileReference; lastKnownFileType = file.storyboard; name = Base; path = Base.lproj/Main.storyboard; sourceTree = "<group>"; };
		C8FC07562FA9042E002C1758 /* Assets.xcassets */ = {isa = PBXFileReference; lastKnownFileType = folder.assetcatalog; path = Assets.xcassets; sourceTree = "<group>"; };
		C8FC07592FA9042E002C1758 /* Base */ = {isa = PBXFileReference; lastKnownFileType = file.storyboard; name = Base; path = Base.lproj/LaunchScreen.storyboard; sourceTree = "<group>"; };
		C8FC075B2FA9042E002C1758 /* Info.plist */ = {isa = PBXFileReference; lastKnownFileType = text.plist.xml; path = Info.plist; sourceTree = "<group>"; };
/* End PBXFileReference section */

/* Begin PBXFrameworksBuildPhase section */
		C8FC07472FA9042E002C1758 /* Frameworks */ = {
			isa = PBXFrameworksBuildPhase;
			buildActionMask = 2147483647;
			files = (
			);
			runOnlyForDeploymentPostprocessing = 0;
		};
/* End PBXFrameworksBuildPhase section */

/* Begin PBXGroup section */
		C8FC07412FA9042E002C1758 = {
			isa = PBXGroup;
			children = (
				C8FC074C2FA9042E002C1758 /* SportsApp */,
				C8FC074B2FA9042E002C1758 /* Products */,
			);
			sourceTree = "<group>";
		};
		C8FC074B2FA9042E002C1758 /* Products */ = {
			isa = PBXGroup;
			children = (
				C8FC074A2FA9042E002C1758 /* SportsApp.app */,
			);
			name = Products;
			sourceTree = "<group>";
		};
		C8FC074C2FA9042E002C1758 /* SportsApp */ = {
			isa = PBXGroup;
			children = (
				C89E6E6D2FAA73CC00195DDF /* SportsViewController.swift */,
				C8FC074D2FA9042E002C1758 /* AppDelegate.swift */,
				C8FC074F2FA9042E002C1758 /* SceneDelegate.swift */,
				C8FC07512FA9042E002C1758 /* ViewController.swift */,
				C8FC07532FA9042E002C1758 /* Main.storyboard */,
				C8FC07562FA9042E002C1758 /* Assets.xcassets */,
				C8FC07582FA9042E002C1758 /* LaunchScreen.storyboard */,
				C8FC075B2FA9042E002C1758 /* Info.plist */,
				C89E6E6F2FAA765400195DDF /* SportCell.swift */,
				C89E6E712FAA979B00195DDF /* LeaguesViewController.swift */,
				C87113442FAB393700B8F957 /* LeagueCell.swift */,
				C87113462FAB5B2F00B8F957 /* FavoritesViewController.swift */,
			);
			path = SportsApp;
			sourceTree = "<group>";
		};
/* End PBXGroup section */

/* Begin PBXNativeTarget section */
		C8FC07492FA9042E002C1758 /* SportsApp */ = {
			isa = PBXNativeTarget;
			buildConfigurationList = C8FC075E2FA9042E002C1758 /* Build configuration list for PBXNativeTarget "SportsApp" */;
			buildPhases = (
				C8FC07462FA9042E002C1758 /* Sources */,
				C8FC07472FA9042E002C1758 /* Frameworks */,
				C8FC07482FA9042E002C1758 /* Resources */,
			);
			buildRules = (
			);
			dependencies = (
			);
			name = SportsApp;
			productName = SportsApp;
			productReference = C8FC074A2FA9042E002C1758 /* SportsApp.app */;
			productType = "com.apple.product-type.application";
		};
/* End PBXNativeTarget section */

/* Begin PBXProject section */
		C8FC07422FA9042E002C1758 /* Project object */ = {
			isa = PBXProject;
			attributes = {
				LastSwiftUpdateCheck = 1250;
				LastUpgradeCheck = 1250;
				TargetAttributes = {
					C8FC07492FA9042E002C1758 = {
						CreatedOnToolsVersion = 12.5;
					};
				};
			};
			buildConfigurationList = C8FC07452FA9042E002C1758 /* Build configuration list for PBXProject "SportsApp" */;
			compatibilityVersion = "Xcode 9.3";
			developmentRegion = en;
			hasScannedForEncodings = 0;
			knownRegions = (
				en,
				Base,
			);
			mainGroup = C8FC07412FA9042E002C1758;
			productRefGroup = C8FC074B2FA9042E002C1758 /* Products */;
			projectDirPath = "";
			projectRoot = "";
			targets = (
				C8FC07492FA9042E002C1758 /* SportsApp */,
			);
		};
/* End PBXProject section */

/* Begin PBXResourcesBuildPhase section */
		C8FC07482FA9042E002C1758 /* Resources */ = {
			isa = PBXResourcesBuildPhase;
			buildActionMask = 2147483647;
			files = (
				C8FC075A2FA9042E002C1758 /* LaunchScreen.storyboard in Resources */,
				C8FC07572FA9042E002C1758 /* Assets.xcassets in Resources */,
				C8FC07552FA9042E002C1758 /* Main.storyboard in Resources */,
			);
			runOnlyForDeploymentPostprocessing = 0;
		};
/* End PBXResourcesBuildPhase section */

/* Begin PBXSourcesBuildPhase section */
		C8FC07462FA9042E002C1758 /* Sources */ = {
			isa = PBXSourcesBuildPhase;
			buildActionMask = 2147483647;
			files = (
				C87113452FAB393700B8F957 /* LeagueCell.swift in Sources */,
				C8FC07522FA9042E002C1758 /* ViewController.swift in Sources */,
				C87113472FAB5B2F00B8F957 /* FavoritesViewController.swift in Sources */,
				C89E6E702FAA765400195DDF /* SportCell.swift in Sources */,
				C8FC074E2FA9042E002C1758 /* AppDelegate.swift in Sources */,
				C8FC07502FA9042E002C1758 /* SceneDelegate.swift in Sources */,
				C89E6E6E2FAA73CC00195DDF /* SportsViewController.swift in Sources */,
				C89E6E722FAA979B00195DDF /* LeaguesViewController.swift in Sources */,
			);
			runOnlyForDeploymentPostprocessing = 0;
		};
/* End PBXSourcesBuildPhase section */

/* Begin PBXVariantGroup section */
		C8FC07532FA9042E002C1758 /* Main.storyboard */ = {
			isa = PBXVariantGroup;
			children = (
				C8FC07542FA9042E002C1758 /* Base */,
			);
			name = Main.storyboard;
			sourceTree = "<group>";
		};
		C8FC07582FA9042E002C1758 /* LaunchScreen.storyboard */ = {
			isa = PBXVariantGroup;
			children = (
				C8FC07592FA9042E002C1758 /* Base */,
			);
			name = LaunchScreen.storyboard;
			sourceTree = "<group>";
		};
/* End PBXVariantGroup section */

/* Begin XCBuildConfiguration section */
		C8FC075C2FA9042E002C1758 /* Debug */ = {
			isa = XCBuildConfiguration;
			buildSettings = {
				ALWAYS_SEARCH_USER_PATHS = NO;
				CLANG_ANALYZER_NONNULL = YES;
				CLANG_ANALYZER_NUMBER_OBJECT_CONVERSION = YES_AGGRESSIVE;
				CLANG_CXX_LANGUAGE_STANDARD = "gnu++14";
				CLANG_CXX_LIBRARY = "libc++";
				CLANG_ENABLE_MODULES = YES;
				CLANG_ENABLE_OBJC_ARC = YES;
				CLANG_ENABLE_OBJC_WEAK = YES;
				CLANG_WARN_BLOCK_CAPTURE_AUTORELEASING = YES;
				CLANG_WARN_BOOL_CONVERSION = YES;
				CLANG_WARN_COMMA = YES;
				CLANG_WARN_CONSTANT_CONVERSION = YES;
				CLANG_WARN_DEPRECATED_OBJC_IMPLEMENTATIONS = YES;
				CLANG_WARN_DIRECT_OBJC_ISA_USAGE = YES_ERROR;
				CLANG_WARN_DOCUMENTATION_COMMENTS = YES;
				CLANG_WARN_EMPTY_BODY = YES;
				CLANG_WARN_ENUM_CONVERSION = YES;
				CLANG_WARN_INFINITE_RECURSION = YES;
				CLANG_WARN_INT_CONVERSION = YES;
				CLANG_WARN_NON_LITERAL_NULL_CONVERSION = YES;
				CLANG_WARN_OBJC_IMPLICIT_RETAIN_SELF = YES;
				CLANG_WARN_OBJC_LITERAL_CONVERSION = YES;
				CLANG_WARN_OBJC_ROOT_CLASS = YES_ERROR;
				CLANG_WARN_QUOTED_INCLUDE_IN_FRAMEWORK_HEADER = YES;
				CLANG_WARN_RANGE_LOOP_ANALYSIS = YES;
				CLANG_WARN_STRICT_PROTOTYPES = YES;
				CLANG_WARN_SUSPICIOUS_MOVE = YES;
				CLANG_WARN_UNGUARDED_AVAILABILITY = YES_AGGRESSIVE;
				CLANG_WARN_UNREACHABLE_CODE = YES;
				CLANG_WARN__DUPLICATE_METHOD_MATCH = YES;
				COPY_PHASE_STRIP = NO;
				DEBUG_INFORMATION_FORMAT = dwarf;
				ENABLE_STRICT_OBJC_MSGSEND = YES;
				ENABLE_TESTABILITY = YES;
				GCC_C_LANGUAGE_STANDARD = gnu11;
				GCC_DYNAMIC_NO_PIC = NO;
				GCC_NO_COMMON_BLOCKS = YES;
				GCC_OPTIMIZATION_LEVEL = 0;
				GCC_PREPROCESSOR_DEFINITIONS = (
					"DEBUG=1",
					"$(inherited)",
				);
				GCC_WARN_64_TO_32_BIT_CONVERSION = YES;
				GCC_WARN_ABOUT_RETURN_TYPE = YES_ERROR;
				GCC_WARN_UNDECLARED_SELECTOR = YES;
				GCC_WARN_UNINITIALIZED_AUTOS = YES_AGGRESSIVE;
				GCC_WARN_UNUSED_FUNCTION = YES;
				GCC_WARN_UNUSED_VARIABLE = YES;
				IPHONEOS_DEPLOYMENT_TARGET = 14.5;
				MTL_ENABLE_DEBUG_INFO = INCLUDE_SOURCE;
				MTL_FAST_MATH = YES;
				ONLY_ACTIVE_ARCH = YES;
				SDKROOT = iphoneos;
				SWIFT_ACTIVE_COMPILATION_CONDITIONS = DEBUG;
				SWIFT_OPTIMIZATION_LEVEL = "-Onone";
			};
			name = Debug;
		};
		C8FC075D2FA9042E002C1758 /* Release */ = {
			isa = XCBuildConfiguration;
			buildSettings = {
				ALWAYS_SEARCH_USER_PATHS = NO;
				CLANG_ANALYZER_NONNULL = YES;
				CLANG_ANALYZER_NUMBER_OBJECT_CONVERSION = YES_AGGRESSIVE;
				CLANG_CXX_LANGUAGE_STANDARD = "gnu++14";
				CLANG_CXX_LIBRARY = "libc++";
				CLANG_ENABLE_MODULES = YES;
				CLANG_ENABLE_OBJC_ARC = YES;
				CLANG_ENABLE_OBJC_WEAK = YES;
				CLANG_WARN_BLOCK_CAPTURE_AUTORELEASING = YES;
				CLANG_WARN_BOOL_CONVERSION = YES;
				CLANG_WARN_COMMA = YES;
				CLANG_WARN_CONSTANT_CONVERSION = YES;
				CLANG_WARN_DEPRECATED_OBJC_IMPLEMENTATIONS = YES;
				CLANG_WARN_DIRECT_OBJC_ISA_USAGE = YES_ERROR;
				CLANG_WARN_DOCUMENTATION_COMMENTS = YES;
				CLANG_WARN_EMPTY_BODY = YES;
				CLANG_WARN_ENUM_CONVERSION = YES;
				CLANG_WARN_INFINITE_RECURSION = YES;
				CLANG_WARN_INT_CONVERSION = YES;
				CLANG_WARN_NON_LITERAL_NULL_CONVERSION = YES;
				CLANG_WARN_OBJC_IMPLICIT_RETAIN_SELF = YES;
				CLANG_WARN_OBJC_LITERAL_CONVERSION = YES;
				CLANG_WARN_OBJC_ROOT_CLASS = YES_ERROR;
				CLANG_WARN_QUOTED_INCLUDE_IN_FRAMEWORK_HEADER = YES;
				CLANG_WARN_RANGE_LOOP_ANALYSIS = YES;
				CLANG_WARN_STRICT_PROTOTYPES = YES;
				CLANG_WARN_SUSPICIOUS_MOVE = YES;
				CLANG_WARN_UNGUARDED_AVAILABILITY = YES_AGGRESSIVE;
				CLANG_WARN_UNREACHABLE_CODE = YES;
				CLANG_WARN__DUPLICATE_METHOD_MATCH = YES;
				COPY_PHASE_STRIP = NO;
				DEBUG_INFORMATION_FORMAT = "dwarf-with-dsym";
				ENABLE_NS_ASSERTIONS = NO;
				ENABLE_STRICT_OBJC_MSGSEND = YES;
				GCC_C_LANGUAGE_STANDARD = gnu11;
				GCC_NO_COMMON_BLOCKS = YES;
				GCC_WARN_64_TO_32_BIT_CONVERSION = YES;
				GCC_WARN_ABOUT_RETURN_TYPE = YES_ERROR;
				GCC_WARN_UNDECLARED_SELECTOR = YES;
				GCC_WARN_UNINITIALIZED_AUTOS = YES_AGGRESSIVE;
				GCC_WARN_UNUSED_FUNCTION = YES;
				GCC_WARN_UNUSED_VARIABLE = YES;
				IPHONEOS_DEPLOYMENT_TARGET = 14.5;
				MTL_ENABLE_DEBUG_INFO = NO;
				MTL_FAST_MATH = YES;
				SDKROOT = iphoneos;
				SWIFT_COMPILATION_MODE = wholemodule;
				SWIFT_OPTIMIZATION_LEVEL = "-O";
				VALIDATE_PRODUCT = YES;
			};
			name = Release;
		};
		C8FC075F2FA9042E002C1758 /* Debug */ = {
			isa = XCBuildConfiguration;
			buildSettings = {
				ASSETCATALOG_COMPILER_APPICON_NAME = AppIcon;
				ASSETCATALOG_COMPILER_GLOBAL_ACCENT_COLOR_NAME = AccentColor;
				CODE_SIGN_STYLE = Automatic;
				INFOPLIST_FILE = SportsApp/Info.plist;
				LD_RUNPATH_SEARCH_PATHS = (
					"$(inherited)",
					"@executable_path/Frameworks",
				);
				PRODUCT_BUNDLE_IDENTIFIER = iti.SportsApp;
				PRODUCT_NAME = "$(TARGET_NAME)";
				SWIFT_VERSION = 5.0;
				TARGETED_DEVICE_FAMILY = "1,2";
			};
			name = Debug;
		};
		C8FC07602FA9042E002C1758 /* Release */ = {
			isa = XCBuildConfiguration;
			buildSettings = {
				ASSETCATALOG_COMPILER_APPICON_NAME = AppIcon;
				ASSETCATALOG_COMPILER_GLOBAL_ACCENT_COLOR_NAME = AccentColor;
				CODE_SIGN_STYLE = Automatic;
				INFOPLIST_FILE = SportsApp/Info.plist;
				LD_RUNPATH_SEARCH_PATHS = (
					"$(inherited)",
					"@executable_path/Frameworks",
				);
				PRODUCT_BUNDLE_IDENTIFIER = iti.SportsApp;
				PRODUCT_NAME = "$(TARGET_NAME)";
				SWIFT_VERSION = 5.0;
				TARGETED_DEVICE_FAMILY = "1,2";
			};
			name = Release;
		};
/* End XCBuildConfiguration section */

/* Begin XCConfigurationList section */
		C8FC07452FA9042E002C1758 /* Build configuration list for PBXProject "SportsApp" */ = {
			isa = XCConfigurationList;
			buildConfigurations = (
				C8FC075C2FA9042E002C1758 /* Debug */,
				C8FC075D2FA9042E002C1758 /* Release */,
			);
			defaultConfigurationIsVisible = 0;
			defaultConfigurationName = Release;
		};
		C8FC075E2FA9042E002C1758 /* Build configuration list for PBXNativeTarget "SportsApp" */ = {
			isa = XCConfigurationList;
			buildConfigurations = (
				C8FC075F2FA9042E002C1758 /* Debug */,
				C8FC07602FA9042E002C1758 /* Release */,
			);
			defaultConfigurationIsVisible = 0;
			defaultConfigurationName = Release;
		};
/* End XCConfigurationList section */
	};
	rootObject = C8FC07422FA9042E002C1758 /* Project object */;
}
